
Microsoft Visual Studio Solution File, Format Version 12.00
# Visual Studio Version 16
VisualStudioVersion = 16.0.31205.134
MinimumVisualStudioVersion = 10.0.40219.1
Project("{9A19103F-16F7-4668-BE54-9A1E7A4F7556}") = "HandlingExceptionsInSpecFlow", "HandlingExceptionsInSpecFlow\HandlingExceptionsInSpecFlow.csproj", "{86392A7B-3D9B-4678-BBC8-DDD184309DEB}"
EndProject
Project("{9A19103F-16F7-4668-BE54-9A1E7A4F7556}") = "HandlingExceptionsInSpecFlow.WithoutErrorDriver", "HandlingExceptionsInSpecFlow.WithoutErrorDriver\HandlingExceptionsInSpecFlow.WithoutErrorDriver.csproj", "{DE4BDED3-24CA-4F3F-BE70-603A0DFD4D64}"
EndProject
Project("{FAE04EC0-301F-11D3-BF4B-00C04F79EFBC}") = "HandlingExceptionsInSpecFlow.Shared", "HandlingExceptionsInSpecFlow.Shared\HandlingExceptionsInSpecFlow.Shared.csproj", "{969F9ADD-9196-4B65-918E-611FEF6742EA}"
EndProject
Global
	GlobalSection(SolutionConfigurationPlatforms) = preSolution
		Debug|Any CPU = Debug|Any CPU
		Release|Any CPU = Release|Any CPU
	EndGlobalSection
	GlobalSection(ProjectConfigurationPlatforms) = postSolution
		{86392A7B-3D9B-4678-BBC8-DDD184309DEB}.Debug|Any CPU.ActiveCfg = Debug|Any CPU
		{86392A7B-3D9B-4678-BBC8-DDD184309DEB}.Debug|Any CPU.Build.0 = Debug|Any CPU
		{86392A7B-3D9B-4678-BBC8-DDD184309DEB}.Release|Any CPU.ActiveCfg = Release|Any CPU
		{86392A7B-3D9B-4678-BBC8-DDD184309DEB}.Release|Any CPU.Build.0 = Release|Any CPU
		{DE4BDED3-24CA-4F3F-BE70-603A0DFD4D64}.Debug|Any CPU.ActiveCfg = Debug|Any CPU
		{DE4BDED3-24CA-4F3F-BE70-603A0DFD4D64}.Debug|Any CPU.Build.0 = Debug|Any CPU
		{DE4BDED3-24CA-4F3F-BE70-603A0DFD4D64}.Release|Any CPU.ActiveCfg = Release|Any CPU
		{DE4BDED3-24CA-4F3F-BE70-603A0DFD4D64}.Release|Any CPU.Build.0 = Release|Any CPU
		{969F9ADD-9196-4B65-918E-611FEF6742EA}.Debug|Any CPU.ActiveCfg = Debug|Any CPU
		{969F9ADD-9196-4B65-918E-611FEF6742EA}.Debug|Any CPU.Build.0 = Debug|Any CPU
		{969F9ADD-9196-4B65-918E-611FEF6742EA}.Release|Any CPU.ActiveCfg = Release|Any CPU
		{969F9ADD-9196-4B65-918E-611FEF6742EA}.Release|Any CPU.Build.0 = Release|Any CPU
	EndGlobalSection
	GlobalSection(SolutionProperties) = preSolution
		HideSolutionNode = FALSE
	EndGlobalSection
	GlobalSection(ExtensibilityGlobals) = postSolution
		SolutionGuid = {0DC97076-F3A7-46D1-87D3-441EFABBD962}
	EndGlobalSection
EndGlobal
